
Microsoft Visual Studio Solution File, Format Version 12.00
# Visual Studio 15
VisualStudioVersion = 15.0.27703.2042
MinimumVisualStudioVersion = 10.0.40219.1
Project("{FAE04EC0-301F-11D3-BF4B-00C04F79EFBC}") = "RailRoadSystem.Console", "RailRoadSystem.Console\RailRoadSystem.Console.csproj", "{540F7B0A-9DA6-40AD-8019-429F99E33F0F}"
EndProject
Project("{FAE04EC0-301F-11D3-BF4B-00C04F79EFBC}") = "RailRoadSystem.Models", "RailRoadSystem.Models\RailRoadSystem.Models.csproj", "{6901CE89-6DDD-4B1F-8792-A141678EB7E2}"
EndProject
Project("{FAE04EC0-301F-11D3-BF4B-00C04F79EFBC}") = "RailRoadSystem.DataAccess", "RailRoadSystem.DataAccess\RailRoadSystem.DataAccess.csproj", "{5F27199A-D17B-4F8A-989C-E1507EF8C348}"
EndProject
Global
	GlobalSection(SolutionConfigurationPlatforms) = preSolution
		Debug|Any CPU = Debug|Any CPU
		Release|Any CPU = Release|Any CPU
	EndGlobalSection
	GlobalSection(ProjectConfigurationPlatforms) = postSolution
		{540F7B0A-9DA6-40AD-8019-429F99E33F0F}.Debug|Any CPU.ActiveCfg = Debug|Any CPU
		{540F7B0A-9DA6-40AD-8019-429F99E33F0F}.Debug|Any CPU.Build.0 = Debug|Any CPU
		{540F7B0A-9DA6-40AD-8019-429F99E33F0F}.Release|Any CPU.ActiveCfg = Release|Any CPU
		{540F7B0A-9DA6-40AD-8019-429F99E33F0F}.Release|Any CPU.Build.0 = Release|Any CPU
		{6901CE89-6DDD-4B1F-8792-A141678EB7E2}.Debug|Any CPU.ActiveCfg = Debug|Any CPU
		{6901CE89-6DDD-4B1F-8792-A141678EB7E2}.Debug|Any CPU.Build.0 = Debug|Any CPU
		{6901CE89-6DDD-4B1F-8792-A141678EB7E2}.Release|Any CPU.ActiveCfg = Release|Any CPU
		{6901CE89-6DDD-4B1F-8792-A141678EB7E2}.Release|Any CPU.Build.0 = Release|Any CPU
		{5F27199A-D17B-4F8A-989C-E1507EF8C348}.Debug|Any CPU.ActiveCfg = Debug|Any CPU
		{5F27199A-D17B-4F8A-989C-E1507EF8C348}.Debug|Any CPU.Build.0 = Debug|Any CPU
		{5F27199A-D17B-4F8A-989C-E1507EF8C348}.Release|Any CPU.ActiveCfg = Release|Any CPU
		{5F27199A-D17B-4F8A-989C-E1507EF8C348}.Release|Any CPU.Build.0 = Release|Any CPU
	EndGlobalSection
	GlobalSection(SolutionProperties) = preSolution
		HideSolutionNode = FALSE
	EndGlobalSection
	GlobalSection(ExtensibilityGlobals) = postSolution
		SolutionGuid = {6F097ACA-AC88-4759-AF39-6F14F7BE3D85}
	EndGlobalSection
EndGlobal
